
Microsoft Visual Studio Solution File, Format Version 12.00
# Visual Studio Version 16
VisualStudioVersion = 16.0.29215.179
MinimumVisualStudioVersion = 10.0.40219.1
Project("{9A19103F-16F7-4668-BE54-9A1E7A4F7556}") = "Rankings.UnitTests", "Rankings.UnitTests\Rankings.UnitTests.csproj", "{54ED928F-3D3B-4B4A-A0D2-0C91A2F7AF7F}"
EndProject
Project("{9A19103F-16F7-4668-BE54-9A1E7A4F7556}") = "Rankings.Web", "Rankings.Web\Rankings.Web.csproj", "{3EF16AB6-6707-4BF9-840E-F6327FEB61B9}"
EndProject
Project("{9A19103F-16F7-4668-BE54-9A1E7A4F7556}") = "Rankings.Core", "Rankings.Core\Rankings.Core.csproj", "{9EDA6233-DA6E-4DE6-AD8D-FC2174570201}"
EndProject
Project("{9A19103F-16F7-4668-BE54-9A1E7A4F7556}") = "Rankings.Infrastructure", "Rankings.Infrastructure\Rankings.Infrastructure.csproj", "{623C3320-233F-487B-AD56-B30785A132A1}"
EndProject
Project("{9A19103F-16F7-4668-BE54-9A1E7A4F7556}") = "Rankings.ConsoleApp", "Rankings.ConsoleApp\Rankings.ConsoleApp.csproj", "{01F29641-5931-4A24-A8FF-B965ED5E3674}"
EndProject
Project("{9A19103F-16F7-4668-BE54-9A1E7A4F7556}") = "Rankings.IntegrationTests", "Rankings.IntegrationTests\Rankings.IntegrationTests.csproj", "{D1706A81-F8E8-4EB7-AB5A-85B2957EC68E}"
EndProject
Global
	GlobalSection(SolutionConfigurationPlatforms) = preSolution
		Debug|Any CPU = Debug|Any CPU
		Release|Any CPU = Release|Any CPU
	EndGlobalSection
	GlobalSection(ProjectConfigurationPlatforms) = postSolution
		{54ED928F-3D3B-4B4A-A0D2-0C91A2F7AF7F}.Debug|Any CPU.ActiveCfg = Debug|Any CPU
		{54ED928F-3D3B-4B4A-A0D2-0C91A2F7AF7F}.Debug|Any CPU.Build.0 = Debug|Any CPU
		{54ED928F-3D3B-4B4A-A0D2-0C91A2F7AF7F}.Release|Any CPU.ActiveCfg = Release|Any CPU
		{54ED928F-3D3B-4B4A-A0D2-0C91A2F7AF7F}.Release|Any CPU.Build.0 = Release|Any CPU
		{3EF16AB6-6707-4BF9-840E-F6327FEB61B9}.Debug|Any CPU.ActiveCfg = Debug|Any CPU
		{3EF16AB6-6707-4BF9-840E-F6327FEB61B9}.Debug|Any CPU.Build.0 = Debug|Any CPU
		{3EF16AB6-6707-4BF9-840E-F6327FEB61B9}.Release|Any CPU.ActiveCfg = Release|Any CPU
		{3EF16AB6-6707-4BF9-840E-F6327FEB61B9}.Release|Any CPU.Build.0 = Release|Any CPU
		{9EDA6233-DA6E-4DE6-AD8D-FC2174570201}.Debug|Any CPU.ActiveCfg = Debug|Any CPU
		{9EDA6233-DA6E-4DE6-AD8D-FC2174570201}.Debug|Any CPU.Build.0 = Debug|Any CPU
		{9EDA6233-DA6E-4DE6-AD8D-FC2174570201}.Release|Any CPU.ActiveCfg = Release|Any CPU
		{9EDA6233-DA6E-4DE6-AD8D-FC2174570201}.Release|Any CPU.Build.0 = Release|Any CPU
		{623C3320-233F-487B-AD56-B30785A132A1}.Debug|Any CPU.ActiveCfg = Debug|Any CPU
		{623C3320-233F-487B-AD56-B30785A132A1}.Debug|Any CPU.Build.0 = Debug|Any CPU
		{623C3320-233F-487B-AD56-B30785A132A1}.Release|Any CPU.ActiveCfg = Release|Any CPU
		{623C3320-233F-487B-AD56-B30785A132A1}.Release|Any CPU.Build.0 = Release|Any CPU
		{01F29641-5931-4A24-A8FF-B965ED5E3674}.Debug|Any CPU.ActiveCfg = Debug|Any CPU
		{01F29641-5931-4A24-A8FF-B965ED5E3674}.Debug|Any CPU.Build.0 = Debug|Any CPU
		{01F29641-5931-4A24-A8FF-B965ED5E3674}.Release|Any CPU.ActiveCfg = Release|Any CPU
		{01F29641-5931-4A24-A8FF-B965ED5E3674}.Release|Any CPU.Build.0 = Release|Any CPU
		{D1706A81-F8E8-4EB7-AB5A-85B2957EC68E}.Debug|Any CPU.ActiveCfg = Debug|Any CPU
		{D1706A81-F8E8-4EB7-AB5A-85B2957EC68E}.Debug|Any CPU.Build.0 = Debug|Any CPU
		{D1706A81-F8E8-4EB7-AB5A-85B2957EC68E}.Release|Any CPU.ActiveCfg = Release|Any CPU
		{D1706A81-F8E8-4EB7-AB5A-85B2957EC68E}.Release|Any CPU.Build.0 = Release|Any CPU
	EndGlobalSection
	GlobalSection(SolutionProperties) = preSolution
		HideSolutionNode = FALSE
	EndGlobalSection
	GlobalSection(ExtensibilityGlobals) = postSolution
		SolutionGuid = {11960D62-5B67-4257-B153-9FB75079693B}
	EndGlobalSection
EndGlobal
