
Microsoft Visual Studio Solution File, Format Version 12.00
# Visual Studio Version 16
VisualStudioVersion = 16.0.29215.179
MinimumVisualStudioVersion = 10.0.40219.1
Project("{FAE04EC0-301F-11D3-BF4B-00C04F79EFBC}") = "Rankings.UnitTests", "Rankings.UnitTests\Rankings.UnitTests.csproj", "{54ED928F-3D3B-4B4A-A0D2-0C91A2F7AF7F}"
EndProject
Global
	GlobalSection(SolutionConfigurationPlatforms) = preSolution
		Debug|Any CPU = Debug|Any CPU
		Release|Any CPU = Release|Any CPU
	EndGlobalSection
	GlobalSection(ProjectConfigurationPlatforms) = postSolution
		{54ED928F-3D3B-4B4A-A0D2-0C91A2F7AF7F}.Debug|Any CPU.ActiveCfg = Debug|Any CPU
		{54ED928F-3D3B-4B4A-A0D2-0C91A2F7AF7F}.Debug|Any CPU.Build.0 = Debug|Any CPU
		{54ED928F-3D3B-4B4A-A0D2-0C91A2F7AF7F}.Release|Any CPU.ActiveCfg = Release|Any CPU
		{54ED928F-3D3B-4B4A-A0D2-0C91A2F7AF7F}.Release|Any CPU.Build.0 = Release|Any CPU
	EndGlobalSection
	GlobalSection(SolutionProperties) = preSolution
		HideSolutionNode = FALSE
	EndGlobalSection
	GlobalSection(ExtensibilityGlobals) = postSolution
		SolutionGuid = {11960D62-5B67-4257-B153-9FB75079693B}
	EndGlobalSection
EndGlobal
